
Microsoft Visual Studio Solution File, Format Version 12.00
# Visual Studio Version 17
VisualStudioVersion = 17.4.33110.190
MinimumVisualStudioVersion = 10.0.40219.1
Project("{9A19103F-16F7-4668-BE54-9A1E7A4F7556}") = "WorldCup.Domain", "WorldCup.Domain\WorldCup.Domain.csproj", "{7A3C1D26-6E24-418B-9569-5E58A85F9826}"
EndProject
Project("{9A19103F-16F7-4668-BE54-9A1E7A4F7556}") = "WorldCup.Application", "WorldCup.Application\WorldCup.Application.csproj", "{628E3291-0667-408D-B760-B74B7BE81E44}"
EndProject
Project("{9A19103F-16F7-4668-BE54-9A1E7A4F7556}") = "WorldCup.Infra.Data", "WorldCup.Infra.Data\WorldCup.Infra.Data.csproj", "{D18D46CA-BA98-426F-9B41-E5240522A7E5}"
EndProject
Project("{9A19103F-16F7-4668-BE54-9A1E7A4F7556}") = "WorldCup.Infra.Ioc", "WorldCup.Infra.Ioc\WorldCup.Infra.Ioc.csproj", "{3F621002-FBEB-4836-828B-2F751B142154}"
EndProject
Project("{9A19103F-16F7-4668-BE54-9A1E7A4F7556}") = "WorldCup.Domain.Test", "WorldCup.Domain.Test\WorldCup.Domain.Test.csproj", "{045F9E17-0A8B-48E7-B913-0DFF598F6C13}"
EndProject
Project("{9A19103F-16F7-4668-BE54-9A1E7A4F7556}") = "WorldCup.WebOld", "WorldCup.WebOld\WorldCup.WebOld.csproj", "{B92310AA-7C9A-444E-9D64-5365128C17B5}"
EndProject
Project("{9A19103F-16F7-4668-BE54-9A1E7A4F7556}") = "WorldCup.WebUI", "WorldCup.WebUI\WorldCup.WebUI.csproj", "{1EFE8329-AE3A-498D-BC0C-E906A9C7716D}"
EndProject
Global
	GlobalSection(SolutionConfigurationPlatforms) = preSolution
		Debug|Any CPU = Debug|Any CPU
		Release|Any CPU = Release|Any CPU
	EndGlobalSection
	GlobalSection(ProjectConfigurationPlatforms) = postSolution
		{7A3C1D26-6E24-418B-9569-5E58A85F9826}.Debug|Any CPU.ActiveCfg = Debug|Any CPU
		{7A3C1D26-6E24-418B-9569-5E58A85F9826}.Debug|Any CPU.Build.0 = Debug|Any CPU
		{7A3C1D26-6E24-418B-9569-5E58A85F9826}.Release|Any CPU.ActiveCfg = Release|Any CPU
		{7A3C1D26-6E24-418B-9569-5E58A85F9826}.Release|Any CPU.Build.0 = Release|Any CPU
		{628E3291-0667-408D-B760-B74B7BE81E44}.Debug|Any CPU.ActiveCfg = Debug|Any CPU
		{628E3291-0667-408D-B760-B74B7BE81E44}.Debug|Any CPU.Build.0 = Debug|Any CPU
		{628E3291-0667-408D-B760-B74B7BE81E44}.Release|Any CPU.ActiveCfg = Release|Any CPU
		{628E3291-0667-408D-B760-B74B7BE81E44}.Release|Any CPU.Build.0 = Release|Any CPU
		{D18D46CA-BA98-426F-9B41-E5240522A7E5}.Debug|Any CPU.ActiveCfg = Debug|Any CPU
		{D18D46CA-BA98-426F-9B41-E5240522A7E5}.Debug|Any CPU.Build.0 = Debug|Any CPU
		{D18D46CA-BA98-426F-9B41-E5240522A7E5}.Release|Any CPU.ActiveCfg = Release|Any CPU
		{D18D46CA-BA98-426F-9B41-E5240522A7E5}.Release|Any CPU.Build.0 = Release|Any CPU
		{3F621002-FBEB-4836-828B-2F751B142154}.Debug|Any CPU.ActiveCfg = Debug|Any CPU
		{3F621002-FBEB-4836-828B-2F751B142154}.Debug|Any CPU.Build.0 = Debug|Any CPU
		{3F621002-FBEB-4836-828B-2F751B142154}.Release|Any CPU.ActiveCfg = Release|Any CPU
		{3F621002-FBEB-4836-828B-2F751B142154}.Release|Any CPU.Build.0 = Release|Any CPU
		{045F9E17-0A8B-48E7-B913-0DFF598F6C13}.Debug|Any CPU.ActiveCfg = Debug|Any CPU
		{045F9E17-0A8B-48E7-B913-0DFF598F6C13}.Debug|Any CPU.Build.0 = Debug|Any CPU
		{045F9E17-0A8B-48E7-B913-0DFF598F6C13}.Release|Any CPU.ActiveCfg = Release|Any CPU
		{045F9E17-0A8B-48E7-B913-0DFF598F6C13}.Release|Any CPU.Build.0 = Release|Any CPU
		{B92310AA-7C9A-444E-9D64-5365128C17B5}.Debug|Any CPU.ActiveCfg = Debug|Any CPU
		{B92310AA-7C9A-444E-9D64-5365128C17B5}.Debug|Any CPU.Build.0 = Debug|Any CPU
		{B92310AA-7C9A-444E-9D64-5365128C17B5}.Release|Any CPU.ActiveCfg = Release|Any CPU
		{B92310AA-7C9A-444E-9D64-5365128C17B5}.Release|Any CPU.Build.0 = Release|Any CPU
		{1EFE8329-AE3A-498D-BC0C-E906A9C7716D}.Debug|Any CPU.ActiveCfg = Debug|Any CPU
		{1EFE8329-AE3A-498D-BC0C-E906A9C7716D}.Debug|Any CPU.Build.0 = Debug|Any CPU
		{1EFE8329-AE3A-498D-BC0C-E906A9C7716D}.Release|Any CPU.ActiveCfg = Release|Any CPU
		{1EFE8329-AE3A-498D-BC0C-E906A9C7716D}.Release|Any CPU.Build.0 = Release|Any CPU
	EndGlobalSection
	GlobalSection(SolutionProperties) = preSolution
		HideSolutionNode = FALSE
	EndGlobalSection
	GlobalSection(ExtensibilityGlobals) = postSolution
		SolutionGuid = {A2E0923D-B0E3-414F-98A3-C435BCD9828D}
	EndGlobalSection
EndGlobal
